
Microsoft Visual Studio Solution File, Format Version 12.00
# Visual Studio Version 17
VisualStudioVersion = 17.10.34928.147
MinimumVisualStudioVersion = 10.0.40219.1
Project("{FAE04EC0-301F-11D3-BF4B-00C04F79EFBC}") = "RestWine", "RestWine\RestWine.csproj", "{A416C40C-B36F-4713-AE00-7BD3B2B02CD6}"
EndProject
Global
	GlobalSection(SolutionConfigurationPlatforms) = preSolution
		Debug|Any CPU = Debug|Any CPU
		Release|Any CPU = Release|Any CPU
	EndGlobalSection
	GlobalSection(ProjectConfigurationPlatforms) = postSolution
		{A416C40C-B36F-4713-AE00-7BD3B2B02CD6}.Debug|Any CPU.ActiveCfg = Debug|Any CPU
		{A416C40C-B36F-4713-AE00-7BD3B2B02CD6}.Debug|Any CPU.Build.0 = Debug|Any CPU
		{A416C40C-B36F-4713-AE00-7BD3B2B02CD6}.Release|Any CPU.ActiveCfg = Release|Any CPU
		{A416C40C-B36F-4713-AE00-7BD3B2B02CD6}.Release|Any CPU.Build.0 = Release|Any CPU
	EndGlobalSection
	GlobalSection(SolutionProperties) = preSolution
		HideSolutionNode = FALSE
	EndGlobalSection
	GlobalSection(ExtensibilityGlobals) = postSolution
		SolutionGuid = {99EEC3D7-BC53-4BF6-85ED-2B30288C6FC8}
	EndGlobalSection
EndGlobal
